// !$*UTF8*$!
{
	archiveVersion = 1;
	classes = {
	};
	objectVersion = 50;
	objects = {

/* Begin PBXBuildFile section */
		843EC9C9268A06DC0038F346 /* Double.swift in Sources */ = {isa = PBXBuildFile; fileRef = 843EC9C8268A06DC0038F346 /* Double.swift */; };
		8448B65F2688FD43005FD03D /* SearchButton.swift in Sources */ = {isa = PBXBuildFile; fileRef = 8448B65E2688FD43005FD03D /* SearchButton.swift */; };
		8448B6652688FE35005FD03D /* SimpleTextField.swift in Sources */ = {isa = PBXBuildFile; fileRef = 8448B6642688FE35005FD03D /* SimpleTextField.swift */; };
		847134E92688F6DC00EF3506 /* AppDelegate.swift in Sources */ = {isa = PBXBuildFile; fileRef = 847134E82688F6DC00EF3506 /* AppDelegate.swift */; };
		847134EB2688F6DC00EF3506 /* SceneDelegate.swift in Sources */ = {isa = PBXBuildFile; fileRef = 847134EA2688F6DC00EF3506 /* SceneDelegate.swift */; };
		847134F02688F6DC00EF3506 /* Main.storyboard in Resources */ = {isa = PBXBuildFile; fileRef = 847134EE2688F6DC00EF3506 /* Main.storyboard */; };
		847134F22688F6DD00EF3506 /* Assets.xcassets in Resources */ = {isa = PBXBuildFile; fileRef = 847134F12688F6DD00EF3506 /* Assets.xcassets */; };
		847134F52688F6DD00EF3506 /* LaunchScreen.storyboard in Resources */ = {isa = PBXBuildFile; fileRef = 847134F32688F6DD00EF3506 /* LaunchScreen.storyboard */; };
		847135002688F6DD00EF3506 /* WeatherTests.swift in Sources */ = {isa = PBXBuildFile; fileRef = 847134FF2688F6DD00EF3506 /* WeatherTests.swift */; };
		8471350B2688F6DD00EF3506 /* WeatherUITests.swift in Sources */ = {isa = PBXBuildFile; fileRef = 8471350A2688F6DD00EF3506 /* WeatherUITests.swift */; };
		84A9E7C2268907CB00F78A00 /* ModelWeather.swift in Sources */ = {isa = PBXBuildFile; fileRef = 84A9E7C1268907CB00F78A00 /* ModelWeather.swift */; };
		84A9E7C826891BB300F78A00 /* SimpleWeatherTableViewCell.swift in Sources */ = {isa = PBXBuildFile; fileRef = 84A9E7C726891BB300F78A00 /* SimpleWeatherTableViewCell.swift */; };
		84A9E7D126891FB900F78A00 /* TitleLeftLabel.swift in Sources */ = {isa = PBXBuildFile; fileRef = 84A9E7D026891FB900F78A00 /* TitleLeftLabel.swift */; };
		84A9E7D62689200D00F78A00 /* TitleRightLabel.swift in Sources */ = {isa = PBXBuildFile; fileRef = 84A9E7D52689200D00F78A00 /* TitleRightLabel.swift */; };
		84A9E7DB2689250700F78A00 /* String.swift in Sources */ = {isa = PBXBuildFile; fileRef = 84A9E7DA2689250700F78A00 /* String.swift */; };
		84D697F42688F8F6005EC844 /* WeatherViewController.swift in Sources */ = {isa = PBXBuildFile; fileRef = 84D697F32688F8F6005EC844 /* WeatherViewController.swift */; };
		84D698052688FA69005EC844 /* WeatherDetailViewController.swift in Sources */ = {isa = PBXBuildFile; fileRef = 84D698042688FA69005EC844 /* WeatherDetailViewController.swift */; };
/* End PBXBuildFile section */

/* Begin PBXContainerItemProxy section */
		847134FC2688F6DD00EF3506 /* PBXContainerItemProxy */ = {
			isa = PBXContainerItemProxy;
			containerPortal = 847134DD2688F6DC00EF3506 /* Project object */;
			proxyType = 1;
			remoteGlobalIDString = 847134E42688F6DC00EF3506;
			remoteInfo = Weather;
		};
		847135072688F6DD00EF3506 /* PBXContainerItemProxy */ = {
			isa = PBXContainerItemProxy;
			containerPortal = 847134DD2688F6DC00EF3506 /* Project object */;
			proxyType = 1;
			remoteGlobalIDString = 847134E42688F6DC00EF3506;
			remoteInfo = Weather;
		};
/* End PBXContainerItemProxy section */

/* Begin PBXFileReference section */
		843EC9C8268A06DC0038F346 /* Double.swift */ = {isa = PBXFileReference; lastKnownFileType = sourcecode.swift; path = Double.swift; sourceTree = "<group>"; };
		8448B65E2688FD43005FD03D /* SearchButton.swift */ = {isa = PBXFileReference; lastKnownFileType = sourcecode.swift; path = SearchButton.swift; sourceTree = "<group>"; };
		8448B6642688FE35005FD03D /* SimpleTextField.swift */ = {isa = PBXFileReference; lastKnownFileType = sourcecode.swift; path = SimpleTextField.swift; sourceTree = "<group>"; };
		847134E52688F6DC00EF3506 /* Weather.app */ = {isa = PBXFileReference; explicitFileType = wrapper.application; includeInIndex = 0; path = Weather.app; sourceTree = BUILT_PRODUCTS_DIR; };
		847134E82688F6DC00EF3506 /* AppDelegate.swift */ = {isa = PBXFileReference; lastKnownFileType = sourcecode.swift; path = AppDelegate.swift; sourceTree = "<group>"; };
		847134EA2688F6DC00EF3506 /* SceneDelegate.swift */ = {isa = PBXFileReference; lastKnownFileType = sourcecode.swift; path = SceneDelegate.swift; sourceTree = "<group>"; };
		847134EF2688F6DC00EF3506 /* Base */ = {isa = PBXFileReference; lastKnownFileType = file.storyboard; name = Base; path = Base.lproj/Main.storyboard; sourceTree = "<group>"; };
		847134F12688F6DD00EF3506 /* Assets.xcassets */ = {isa = PBXFileReference; lastKnownFileType = folder.assetcatalog; path = Assets.xcassets; sourceTree = "<group>"; };
		847134F42688F6DD00EF3506 /* Base */ = {isa = PBXFileReference; lastKnownFileType = file.storyboard; name = Base; path = Base.lproj/LaunchScreen.storyboard; sourceTree = "<group>"; };
		847134F62688F6DD00EF3506 /* Info.plist */ = {isa = PBXFileReference; lastKnownFileType = text.plist.xml; path = Info.plist; sourceTree = "<group>"; };
		847134FB2688F6DD00EF3506 /* WeatherTests.xctest */ = {isa = PBXFileReference; explicitFileType = wrapper.cfbundle; includeInIndex = 0; path = WeatherTests.xctest; sourceTree = BUILT_PRODUCTS_DIR; };
		847134FF2688F6DD00EF3506 /* WeatherTests.swift */ = {isa = PBXFileReference; lastKnownFileType = sourcecode.swift; path = WeatherTests.swift; sourceTree = "<group>"; };
		847135012688F6DD00EF3506 /* Info.plist */ = {isa = PBXFileReference; lastKnownFileType = text.plist.xml; path = Info.plist; sourceTree = "<group>"; };
		847135062688F6DD00EF3506 /* WeatherUITests.xctest */ = {isa = PBXFileReference; explicitFileType = wrapper.cfbundle; includeInIndex = 0; path = WeatherUITests.xctest; sourceTree = BUILT_PRODUCTS_DIR; };
		8471350A2688F6DD00EF3506 /* WeatherUITests.swift */ = {isa = PBXFileReference; lastKnownFileType = sourcecode.swift; path = WeatherUITests.swift; sourceTree = "<group>"; };
		8471350C2688F6DD00EF3506 /* Info.plist */ = {isa = PBXFileReference; lastKnownFileType = text.plist.xml; path = Info.plist; sourceTree = "<group>"; };
		84A9E7C1268907CB00F78A00 /* ModelWeather.swift */ = {isa = PBXFileReference; lastKnownFileType = sourcecode.swift; path = ModelWeather.swift; sourceTree = "<group>"; };
		84A9E7C726891BB300F78A00 /* SimpleWeatherTableViewCell.swift */ = {isa = PBXFileReference; lastKnownFileType = sourcecode.swift; path = SimpleWeatherTableViewCell.swift; sourceTree = "<group>"; };
		84A9E7D026891FB900F78A00 /* TitleLeftLabel.swift */ = {isa = PBXFileReference; lastKnownFileType = sourcecode.swift; path = TitleLeftLabel.swift; sourceTree = "<group>"; };
		84A9E7D52689200D00F78A00 /* TitleRightLabel.swift */ = {isa = PBXFileReference; lastKnownFileType = sourcecode.swift; path = TitleRightLabel.swift; sourceTree = "<group>"; };
		84A9E7DA2689250700F78A00 /* String.swift */ = {isa = PBXFileReference; lastKnownFileType = sourcecode.swift; path = String.swift; sourceTree = "<group>"; };
		84D697F32688F8F6005EC844 /* WeatherViewController.swift */ = {isa = PBXFileReference; lastKnownFileType = sourcecode.swift; path = WeatherViewController.swift; sourceTree = "<group>"; };
		84D698042688FA69005EC844 /* WeatherDetailViewController.swift */ = {isa = PBXFileReference; lastKnownFileType = sourcecode.swift; path = WeatherDetailViewController.swift; sourceTree = "<group>"; };
/* End PBXFileReference section */

/* Begin PBXFrameworksBuildPhase section */
		847134E22688F6DC00EF3506 /* Frameworks */ = {
			isa = PBXFrameworksBuildPhase;
			buildActionMask = 2147483647;
			files = (
			);
			runOnlyForDeploymentPostprocessing = 0;
		};
		847134F82688F6DD00EF3506 /* Frameworks */ = {
			isa = PBXFrameworksBuildPhase;
			buildActionMask = 2147483647;
			files = (
			);
			runOnlyForDeploymentPostprocessing = 0;
		};
		847135032688F6DD00EF3506 /* Frameworks */ = {
			isa = PBXFrameworksBuildPhase;
			buildActionMask = 2147483647;
			files = (
			);
			runOnlyForDeploymentPostprocessing = 0;
		};
/* End PBXFrameworksBuildPhase section */

/* Begin PBXGroup section */
		8448B65D2688FD2D005FD03D /* Button */ = {
			isa = PBXGroup;
			children = (
				8448B65E2688FD43005FD03D /* SearchButton.swift */,
			);
			path = Button;
			sourceTree = "<group>";
		};
		8448B6632688FE1F005FD03D /* TextField */ = {
			isa = PBXGroup;
			children = (
				8448B6642688FE35005FD03D /* SimpleTextField.swift */,
			);
			path = TextField;
			sourceTree = "<group>";
		};
		847134DC2688F6DC00EF3506 = {
			isa = PBXGroup;
			children = (
				847134E72688F6DC00EF3506 /* Weather */,
				847134FE2688F6DD00EF3506 /* WeatherTests */,
				847135092688F6DD00EF3506 /* WeatherUITests */,
				847134E62688F6DC00EF3506 /* Products */,
			);
			sourceTree = "<group>";
		};
		847134E62688F6DC00EF3506 /* Products */ = {
			isa = PBXGroup;
			children = (
				847134E52688F6DC00EF3506 /* Weather.app */,
				847134FB2688F6DD00EF3506 /* WeatherTests.xctest */,
				847135062688F6DD00EF3506 /* WeatherUITests.xctest */,
			);
			name = Products;
			sourceTree = "<group>";
		};
		847134E72688F6DC00EF3506 /* Weather */ = {
			isa = PBXGroup;
			children = (
				847134E82688F6DC00EF3506 /* AppDelegate.swift */,
				847134EA2688F6DC00EF3506 /* SceneDelegate.swift */,
				84D697FA2688F90D005EC844 /* MVC */,
				847134EE2688F6DC00EF3506 /* Main.storyboard */,
				847134F12688F6DD00EF3506 /* Assets.xcassets */,
				84D697FE2688F939005EC844 /* Extension */,
				847134F32688F6DD00EF3506 /* LaunchScreen.storyboard */,
				847134F62688F6DD00EF3506 /* Info.plist */,
			);
			path = Weather;
			sourceTree = "<group>";
		};
		847134FE2688F6DD00EF3506 /* WeatherTests */ = {
			isa = PBXGroup;
			children = (
				847134FF2688F6DD00EF3506 /* WeatherTests.swift */,
				847135012688F6DD00EF3506 /* Info.plist */,
			);
			path = WeatherTests;
			sourceTree = "<group>";
		};
		847135092688F6DD00EF3506 /* WeatherUITests */ = {
			isa = PBXGroup;
			children = (
				8471350A2688F6DD00EF3506 /* WeatherUITests.swift */,
				8471350C2688F6DD00EF3506 /* Info.plist */,
			);
			path = WeatherUITests;
			sourceTree = "<group>";
		};
		84A9E7C626891B6500F78A00 /* Cell */ = {
			isa = PBXGroup;
			children = (
				84A9E7C726891BB300F78A00 /* SimpleWeatherTableViewCell.swift */,
			);
			path = Cell;
			sourceTree = "<group>";
		};
		84A9E7CF26891FAB00F78A00 /* Label */ = {
			isa = PBXGroup;
			children = (
				84A9E7D026891FB900F78A00 /* TitleLeftLabel.swift */,
				84A9E7D52689200D00F78A00 /* TitleRightLabel.swift */,
			);
			path = Label;
			sourceTree = "<group>";
		};
		84D697FA2688F90D005EC844 /* MVC */ = {
			isa = PBXGroup;
			children = (
				84D697FB2688F915005EC844 /* Model */,
				84D697FC2688F91D005EC844 /* View */,
				84D697FD2688F924005EC844 /* Controller */,
			);
			path = MVC;
			sourceTree = "<group>";
		};
		84D697FB2688F915005EC844 /* Model */ = {
			isa = PBXGroup;
			children = (
				84A9E7C1268907CB00F78A00 /* ModelWeather.swift */,
			);
			path = Model;
			sourceTree = "<group>";
		};
		84D697FC2688F91D005EC844 /* View */ = {
			isa = PBXGroup;
			children = (
				84A9E7CF26891FAB00F78A00 /* Label */,
				84A9E7C626891B6500F78A00 /* Cell */,
				8448B6632688FE1F005FD03D /* TextField */,
				8448B65D2688FD2D005FD03D /* Button */,
			);
			path = View;
			sourceTree = "<group>";
		};
		84D697FD2688F924005EC844 /* Controller */ = {
			isa = PBXGroup;
			children = (
				84D697F32688F8F6005EC844 /* WeatherViewController.swift */,
				84D698042688FA69005EC844 /* WeatherDetailViewController.swift */,
			);
			path = Controller;
			sourceTree = "<group>";
		};
		84D697FE2688F939005EC844 /* Extension */ = {
			isa = PBXGroup;
			children = (
				84A9E7DA2689250700F78A00 /* String.swift */,
				843EC9C8268A06DC0038F346 /* Double.swift */,
			);
			path = Extension;
			sourceTree = "<group>";
		};
/* End PBXGroup section */

/* Begin PBXNativeTarget section */
		847134E42688F6DC00EF3506 /* Weather */ = {
			isa = PBXNativeTarget;
			buildConfigurationList = 8471350F2688F6DD00EF3506 /* Build configuration list for PBXNativeTarget "Weather" */;
			buildPhases = (
				847134E12688F6DC00EF3506 /* Sources */,
				847134E22688F6DC00EF3506 /* Frameworks */,
				847134E32688F6DC00EF3506 /* Resources */,
			);
			buildRules = (
			);
			dependencies = (
			);
			name = Weather;
			productName = Weather;
			productReference = 847134E52688F6DC00EF3506 /* Weather.app */;
			productType = "com.apple.product-type.application";
		};
		847134FA2688F6DD00EF3506 /* WeatherTests */ = {
			isa = PBXNativeTarget;
			buildConfigurationList = 847135122688F6DD00EF3506 /* Build configuration list for PBXNativeTarget "WeatherTests" */;
			buildPhases = (
				847134F72688F6DD00EF3506 /* Sources */,
				847134F82688F6DD00EF3506 /* Frameworks */,
				847134F92688F6DD00EF3506 /* Resources */,
			);
			buildRules = (
			);
			dependencies = (
				847134FD2688F6DD00EF3506 /* PBXTargetDependency */,
			);
			name = WeatherTests;
			productName = WeatherTests;
			productReference = 847134FB2688F6DD00EF3506 /* WeatherTests.xctest */;
			productType = "com.apple.product-type.bundle.unit-test";
		};
		847135052688F6DD00EF3506 /* WeatherUITests */ = {
			isa = PBXNativeTarget;
			buildConfigurationList = 847135152688F6DD00EF3506 /* Build configuration list for PBXNativeTarget "WeatherUITests" */;
			buildPhases = (
				847135022688F6DD00EF3506 /* Sources */,
				847135032688F6DD00EF3506 /* Frameworks */,
				847135042688F6DD00EF3506 /* Resources */,
			);
			buildRules = (
			);
			dependencies = (
				847135082688F6DD00EF3506 /* PBXTargetDependency */,
			);
			name = WeatherUITests;
			productName = WeatherUITests;
			productReference = 847135062688F6DD00EF3506 /* WeatherUITests.xctest */;
			productType = "com.apple.product-type.bundle.ui-testing";
		};
/* End PBXNativeTarget section */

/* Begin PBXProject section */
		847134DD2688F6DC00EF3506 /* Project object */ = {
			isa = PBXProject;
			attributes = {
				LastSwiftUpdateCheck = 1230;
				LastUpgradeCheck = 1230;
				TargetAttributes = {
					847134E42688F6DC00EF3506 = {
						CreatedOnToolsVersion = 12.3;
					};
					847134FA2688F6DD00EF3506 = {
						CreatedOnToolsVersion = 12.3;
						TestTargetID = 847134E42688F6DC00EF3506;
					};
					847135052688F6DD00EF3506 = {
						CreatedOnToolsVersion = 12.3;
						TestTargetID = 847134E42688F6DC00EF3506;
					};
				};
			};
			buildConfigurationList = 847134E02688F6DC00EF3506 /* Build configuration list for PBXProject "Weather" */;
			compatibilityVersion = "Xcode 9.3";
			developmentRegion = en;
			hasScannedForEncodings = 0;
			knownRegions = (
				en,
				Base,
			);
			mainGroup = 847134DC2688F6DC00EF3506;
			productRefGroup = 847134E62688F6DC00EF3506 /* Products */;
			projectDirPath = "";
			projectRoot = "";
			targets = (
				847134E42688F6DC00EF3506 /* Weather */,
				847134FA2688F6DD00EF3506 /* WeatherTests */,
				847135052688F6DD00EF3506 /* WeatherUITests */,
			);
		};
/* End PBXProject section */

/* Begin PBXResourcesBuildPhase section */
		847134E32688F6DC00EF3506 /* Resources */ = {
			isa = PBXResourcesBuildPhase;
			buildActionMask = 2147483647;
			files = (
				847134F52688F6DD00EF3506 /* LaunchScreen.storyboard in Resources */,
				847134F22688F6DD00EF3506 /* Assets.xcassets in Resources */,
				847134F02688F6DC00EF3506 /* Main.storyboard in Resources */,
			);
			runOnlyForDeploymentPostprocessing = 0;
		};
		847134F92688F6DD00EF3506 /* Resources */ = {
			isa = PBXResourcesBuildPhase;
			buildActionMask = 2147483647;
			files = (
			);
			runOnlyForDeploymentPostprocessing = 0;
		};
		847135042688F6DD00EF3506 /* Resources */ = {
			isa = PBXResourcesBuildPhase;
			buildActionMask = 2147483647;
			files = (
			);
			runOnlyForDeploymentPostprocessing = 0;
		};
/* End PBXResourcesBuildPhase section */

/* Begin PBXSourcesBuildPhase section */
		847134E12688F6DC00EF3506 /* Sources */ = {
			isa = PBXSourcesBuildPhase;
			buildActionMask = 2147483647;
			files = (
				8448B6652688FE35005FD03D /* SimpleTextField.swift in Sources */,
				847134E92688F6DC00EF3506 /* AppDelegate.swift in Sources */,
				84A9E7D126891FB900F78A00 /* TitleLeftLabel.swift in Sources */,
				843EC9C9268A06DC0038F346 /* Double.swift in Sources */,
				84D697F42688F8F6005EC844 /* WeatherViewController.swift in Sources */,
				84D698052688FA69005EC844 /* WeatherDetailViewController.swift in Sources */,
				84A9E7DB2689250700F78A00 /* String.swift in Sources */,
				847134EB2688F6DC00EF3506 /* SceneDelegate.swift in Sources */,
				84A9E7D62689200D00F78A00 /* TitleRightLabel.swift in Sources */,
				84A9E7C2268907CB00F78A00 /* ModelWeather.swift in Sources */,
				84A9E7C826891BB300F78A00 /* SimpleWeatherTableViewCell.swift in Sources */,
				8448B65F2688FD43005FD03D /* SearchButton.swift in Sources */,
			);
			runOnlyForDeploymentPostprocessing = 0;
		};
		847134F72688F6DD00EF3506 /* Sources */ = {
			isa = PBXSourcesBuildPhase;
			buildActionMask = 2147483647;
			files = (
				847135002688F6DD00EF3506 /* WeatherTests.swift in Sources */,
			);
			runOnlyForDeploymentPostprocessing = 0;
		};
		847135022688F6DD00EF3506 /* Sources */ = {
			isa = PBXSourcesBuildPhase;
			buildActionMask = 2147483647;
			files = (
				8471350B2688F6DD00EF3506 /* WeatherUITests.swift in Sources */,
			);
			runOnlyForDeploymentPostprocessing = 0;
		};
/* End PBXSourcesBuildPhase section */

/* Begin PBXTargetDependency section */
		847134FD2688F6DD00EF3506 /* PBXTargetDependency */ = {
			isa = PBXTargetDependency;
			target = 847134E42688F6DC00EF3506 /* Weather */;
			targetProxy = 847134FC2688F6DD00EF3506 /* PBXContainerItemProxy */;
		};
		847135082688F6DD00EF3506 /* PBXTargetDependency */ = {
			isa = PBXTargetDependency;
			target = 847134E42688F6DC00EF3506 /* Weather */;
			targetProxy = 847135072688F6DD00EF3506 /* PBXContainerItemProxy */;
		};
/* End PBXTargetDependency section */

/* Begin PBXVariantGroup section */
		847134EE2688F6DC00EF3506 /* Main.storyboard */ = {
			isa = PBXVariantGroup;
			children = (
				847134EF2688F6DC00EF3506 /* Base */,
			);
			name = Main.storyboard;
			sourceTree = "<group>";
		};
		847134F32688F6DD00EF3506 /* LaunchScreen.storyboard */ = {
			isa = PBXVariantGroup;
			children = (
				847134F42688F6DD00EF3506 /* Base */,
			);
			name = LaunchScreen.storyboard;
			sourceTree = "<group>";
		};
/* End PBXVariantGroup section */

/* Begin XCBuildConfiguration section */
		8471350D2688F6DD00EF3506 /* Debug */ = {
			isa = XCBuildConfiguration;
			buildSettings = {
				ALWAYS_SEARCH_USER_PATHS = NO;
				CLANG_ANALYZER_NONNULL = YES;
				CLANG_ANALYZER_NUMBER_OBJECT_CONVERSION = YES_AGGRESSIVE;
				CLANG_CXX_LANGUAGE_STANDARD = "gnu++14";
				CLANG_CXX_LIBRARY = "libc++";
				CLANG_ENABLE_MODULES = YES;
				CLANG_ENABLE_OBJC_ARC = YES;
				CLANG_ENABLE_OBJC_WEAK = YES;
				CLANG_WARN_BLOCK_CAPTURE_AUTORELEASING = YES;
				CLANG_WARN_BOOL_CONVERSION = YES;
				CLANG_WARN_COMMA = YES;
				CLANG_WARN_CONSTANT_CONVERSION = YES;
				CLANG_WARN_DEPRECATED_OBJC_IMPLEMENTATIONS = YES;
				CLANG_WARN_DIRECT_OBJC_ISA_USAGE = YES_ERROR;
				CLANG_WARN_DOCUMENTATION_COMMENTS = YES;
				CLANG_WARN_EMPTY_BODY = YES;
				CLANG_WARN_ENUM_CONVERSION = YES;
				CLANG_WARN_INFINITE_RECURSION = YES;
				CLANG_WARN_INT_CONVERSION = YES;
				CLANG_WARN_NON_LITERAL_NULL_CONVERSION = YES;
				CLANG_WARN_OBJC_IMPLICIT_RETAIN_SELF = YES;
				CLANG_WARN_OBJC_LITERAL_CONVERSION = YES;
				CLANG_WARN_OBJC_ROOT_CLASS = YES_ERROR;
				CLANG_WARN_QUOTED_INCLUDE_IN_FRAMEWORK_HEADER = YES;
				CLANG_WARN_RANGE_LOOP_ANALYSIS = YES;
				CLANG_WARN_STRICT_PROTOTYPES = YES;
				CLANG_WARN_SUSPICIOUS_MOVE = YES;
				CLANG_WARN_UNGUARDED_AVAILABILITY = YES_AGGRESSIVE;
				CLANG_WARN_UNREACHABLE_CODE = YES;
				CLANG_WARN__DUPLICATE_METHOD_MATCH = YES;
				COPY_PHASE_STRIP = NO;
				DEBUG_INFORMATION_FORMAT = dwarf;
				ENABLE_STRICT_OBJC_MSGSEND = YES;
				ENABLE_TESTABILITY = YES;
				GCC_C_LANGUAGE_STANDARD = gnu11;
				GCC_DYNAMIC_NO_PIC = NO;
				GCC_NO_COMMON_BLOCKS = YES;
				GCC_OPTIMIZATION_LEVEL = 0;
				GCC_PREPROCESSOR_DEFINITIONS = (
					"DEBUG=1",
					"$(inherited)",
				);
				GCC_WARN_64_TO_32_BIT_CONVERSION = YES;
				GCC_WARN_ABOUT_RETURN_TYPE = YES_ERROR;
				GCC_WARN_UNDECLARED_SELECTOR = YES;
				GCC_WARN_UNINITIALIZED_AUTOS = YES_AGGRESSIVE;
				GCC_WARN_UNUSED_FUNCTION = YES;
				GCC_WARN_UNUSED_VARIABLE = YES;
				IPHONEOS_DEPLOYMENT_TARGET = 14.3;
				MTL_ENABLE_DEBUG_INFO = INCLUDE_SOURCE;
				MTL_FAST_MATH = YES;
				ONLY_ACTIVE_ARCH = YES;
				SDKROOT = iphoneos;
				SWIFT_ACTIVE_COMPILATION_CONDITIONS = DEBUG;
				SWIFT_OPTIMIZATION_LEVEL = "-Onone";
			};
			name = Debug;
		};
		8471350E2688F6DD00EF3506 /* Release */ = {
			isa = XCBuildConfiguration;
			buildSettings = {
				ALWAYS_SEARCH_USER_PATHS = NO;
				CLANG_ANALYZER_NONNULL = YES;
				CLANG_ANALYZER_NUMBER_OBJECT_CONVERSION = YES_AGGRESSIVE;
				CLANG_CXX_LANGUAGE_STANDARD = "gnu++14";
				CLANG_CXX_LIBRARY = "libc++";
				CLANG_ENABLE_MODULES = YES;
				CLANG_ENABLE_OBJC_ARC = YES;
				CLANG_ENABLE_OBJC_WEAK = YES;
				CLANG_WARN_BLOCK_CAPTURE_AUTORELEASING = YES;
				CLANG_WARN_BOOL_CONVERSION = YES;
				CLANG_WARN_COMMA = YES;
				CLANG_WARN_CONSTANT_CONVERSION = YES;
				CLANG_WARN_DEPRECATED_OBJC_IMPLEMENTATIONS = YES;
				CLANG_WARN_DIRECT_OBJC_ISA_USAGE = YES_ERROR;
				CLANG_WARN_DOCUMENTATION_COMMENTS = YES;
				CLANG_WARN_EMPTY_BODY = YES;
				CLANG_WARN_ENUM_CONVERSION = YES;
				CLANG_WARN_INFINITE_RECURSION = YES;
				CLANG_WARN_INT_CONVERSION = YES;
				CLANG_WARN_NON_LITERAL_NULL_CONVERSION = YES;
				CLANG_WARN_OBJC_IMPLICIT_RETAIN_SELF = YES;
				CLANG_WARN_OBJC_LITERAL_CONVERSION = YES;
				CLANG_WARN_OBJC_ROOT_CLASS = YES_ERROR;
				CLANG_WARN_QUOTED_INCLUDE_IN_FRAMEWORK_HEADER = YES;
				CLANG_WARN_RANGE_LOOP_ANALYSIS = YES;
				CLANG_WARN_STRICT_PROTOTYPES = YES;
				CLANG_WARN_SUSPICIOUS_MOVE = YES;
				CLANG_WARN_UNGUARDED_AVAILABILITY = YES_AGGRESSIVE;
				CLANG_WARN_UNREACHABLE_CODE = YES;
				CLANG_WARN__DUPLICATE_METHOD_MATCH = YES;
				COPY_PHASE_STRIP = NO;
				DEBUG_INFORMATION_FORMAT = "dwarf-with-dsym";
				ENABLE_NS_ASSERTIONS = NO;
				ENABLE_STRICT_OBJC_MSGSEND = YES;
				GCC_C_LANGUAGE_STANDARD = gnu11;
				GCC_NO_COMMON_BLOCKS = YES;
				GCC_WARN_64_TO_32_BIT_CONVERSION = YES;
				GCC_WARN_ABOUT_RETURN_TYPE = YES_ERROR;
				GCC_WARN_UNDECLARED_SELECTOR = YES;
				GCC_WARN_UNINITIALIZED_AUTOS = YES_AGGRESSIVE;
				GCC_WARN_UNUSED_FUNCTION = YES;
				GCC_WARN_UNUSED_VARIABLE = YES;
				IPHONEOS_DEPLOYMENT_TARGET = 14.3;
				MTL_ENABLE_DEBUG_INFO = NO;
				MTL_FAST_MATH = YES;
				SDKROOT = iphoneos;
				SWIFT_COMPILATION_MODE = wholemodule;
				SWIFT_OPTIMIZATION_LEVEL = "-O";
				VALIDATE_PRODUCT = YES;
			};
			name = Release;
		};
		847135102688F6DD00EF3506 /* Debug */ = {
			isa = XCBuildConfiguration;
			buildSettings = {
				ASSETCATALOG_COMPILER_APPICON_NAME = AppIcon;
				ASSETCATALOG_COMPILER_GLOBAL_ACCENT_COLOR_NAME = AccentColor;
				CODE_SIGN_STYLE = Automatic;
				DEVELOPMENT_TEAM = V7PYZ98YA8;
				INFOPLIST_FILE = Weather/Info.plist;
				IPHONEOS_DEPLOYMENT_TARGET = 14.0;
				LD_RUNPATH_SEARCH_PATHS = (
					"$(inherited)",
					"@executable_path/Frameworks",
				);
				PRODUCT_BUNDLE_IDENTIFIER = fr.Jules.Weather;
				PRODUCT_NAME = "$(TARGET_NAME)";
				SWIFT_VERSION = 5.0;
				TARGETED_DEVICE_FAMILY = "1,2";
			};
			name = Debug;
		};
		847135112688F6DD00EF3506 /* Release */ = {
			isa = XCBuildConfiguration;
			buildSettings = {
				ASSETCATALOG_COMPILER_APPICON_NAME = AppIcon;
				ASSETCATALOG_COMPILER_GLOBAL_ACCENT_COLOR_NAME = AccentColor;
				CODE_SIGN_STYLE = Automatic;
				DEVELOPMENT_TEAM = V7PYZ98YA8;
				INFOPLIST_FILE = Weather/Info.plist;
				IPHONEOS_DEPLOYMENT_TARGET = 14.0;
				LD_RUNPATH_SEARCH_PATHS = (
					"$(inherited)",
					"@executable_path/Frameworks",
				);
				PRODUCT_BUNDLE_IDENTIFIER = fr.Jules.Weather;
				PRODUCT_NAME = "$(TARGET_NAME)";
				SWIFT_VERSION = 5.0;
				TARGETED_DEVICE_FAMILY = "1,2";
			};
			name = Release;
		};
		847135132688F6DD00EF3506 /* Debug */ = {
			isa = XCBuildConfiguration;
			buildSettings = {
				ALWAYS_EMBED_SWIFT_STANDARD_LIBRARIES = YES;
				BUNDLE_LOADER = "$(TEST_HOST)";
				CODE_SIGN_STYLE = Automatic;
				DEVELOPMENT_TEAM = V7PYZ98YA8;
				INFOPLIST_FILE = WeatherTests/Info.plist;
				IPHONEOS_DEPLOYMENT_TARGET = 14.3;
				LD_RUNPATH_SEARCH_PATHS = (
					"$(inherited)",
					"@executable_path/Frameworks",
					"@loader_path/Frameworks",
				);
				PRODUCT_BUNDLE_IDENTIFIER = fr.Jules.WeatherTests;
				PRODUCT_NAME = "$(TARGET_NAME)";
				SWIFT_VERSION = 5.0;
				TARGETED_DEVICE_FAMILY = "1,2";
				TEST_HOST = "$(BUILT_PRODUCTS_DIR)/Weather.app/Weather";
			};
			name = Debug;
		};
		847135142688F6DD00EF3506 /* Release */ = {
			isa = XCBuildConfiguration;
			buildSettings = {
				ALWAYS_EMBED_SWIFT_STANDARD_LIBRARIES = YES;
				BUNDLE_LOADER = "$(TEST_HOST)";
				CODE_SIGN_STYLE = Automatic;
				DEVELOPMENT_TEAM = V7PYZ98YA8;
				INFOPLIST_FILE = WeatherTests/Info.plist;
				IPHONEOS_DEPLOYMENT_TARGET = 14.3;
				LD_RUNPATH_SEARCH_PATHS = (
					"$(inherited)",
					"@executable_path/Frameworks",
					"@loader_path/Frameworks",
				);
				PRODUCT_BUNDLE_IDENTIFIER = fr.Jules.WeatherTests;
				PRODUCT_NAME = "$(TARGET_NAME)";
				SWIFT_VERSION = 5.0;
				TARGETED_DEVICE_FAMILY = "1,2";
				TEST_HOST = "$(BUILT_PRODUCTS_DIR)/Weather.app/Weather";
			};
			name = Release;
		};
		847135162688F6DD00EF3506 /* Debug */ = {
			isa = XCBuildConfiguration;
			buildSettings = {
				ALWAYS_EMBED_SWIFT_STANDARD_LIBRARIES = YES;
				CODE_SIGN_STYLE = Automatic;
				DEVELOPMENT_TEAM = V7PYZ98YA8;
				INFOPLIST_FILE = WeatherUITests/Info.plist;
				LD_RUNPATH_SEARCH_PATHS = (
					"$(inherited)",
					"@executable_path/Frameworks",
					"@loader_path/Frameworks",
				);
				PRODUCT_BUNDLE_IDENTIFIER = fr.Jules.WeatherUITests;
				PRODUCT_NAME = "$(TARGET_NAME)";
				SWIFT_VERSION = 5.0;
				TARGETED_DEVICE_FAMILY = "1,2";
				TEST_TARGET_NAME = Weather;
			};
			name = Debug;
		};
		847135172688F6DD00EF3506 /* Release */ = {
			isa = XCBuildConfiguration;
			buildSettings = {
				ALWAYS_EMBED_SWIFT_STANDARD_LIBRARIES = YES;
				CODE_SIGN_STYLE = Automatic;
				DEVELOPMENT_TEAM = V7PYZ98YA8;
				INFOPLIST_FILE = WeatherUITests/Info.plist;
				LD_RUNPATH_SEARCH_PATHS = (
					"$(inherited)",
					"@executable_path/Frameworks",
					"@loader_path/Frameworks",
				);
				PRODUCT_BUNDLE_IDENTIFIER = fr.Jules.WeatherUITests;
				PRODUCT_NAME = "$(TARGET_NAME)";
				SWIFT_VERSION = 5.0;
				TARGETED_DEVICE_FAMILY = "1,2";
				TEST_TARGET_NAME = Weather;
			};
			name = Release;
		};
/* End XCBuildConfiguration section */

/* Begin XCConfigurationList section */
		847134E02688F6DC00EF3506 /* Build configuration list for PBXProject "Weather" */ = {
			isa = XCConfigurationList;
			buildConfigurations = (
				8471350D2688F6DD00EF3506 /* Debug */,
				8471350E2688F6DD00EF3506 /* Release */,
			);
			defaultConfigurationIsVisible = 0;
			defaultConfigurationName = Release;
		};
		8471350F2688F6DD00EF3506 /* Build configuration list for PBXNativeTarget "Weather" */ = {
			isa = XCConfigurationList;
			buildConfigurations = (
				847135102688F6DD00EF3506 /* Debug */,
				847135112688F6DD00EF3506 /* Release */,
			);
			defaultConfigurationIsVisible = 0;
			defaultConfigurationName = Release;
		};
		847135122688F6DD00EF3506 /* Build configuration list for PBXNativeTarget "WeatherTests" */ = {
			isa = XCConfigurationList;
			buildConfigurations = (
				847135132688F6DD00EF3506 /* Debug */,
				847135142688F6DD00EF3506 /* Release */,
			);
			defaultConfigurationIsVisible = 0;
			defaultConfigurationName = Release;
		};
		847135152688F6DD00EF3506 /* Build configuration list for PBXNativeTarget "WeatherUITests" */ = {
			isa = XCConfigurationList;
			buildConfigurations = (
				847135162688F6DD00EF3506 /* Debug */,
				847135172688F6DD00EF3506 /* Release */,
			);
			defaultConfigurationIsVisible = 0;
			defaultConfigurationName = Release;
		};
/* End XCConfigurationList section */
	};
	rootObject = 847134DD2688F6DC00EF3506 /* Project object */;
}
